// !$*UTF8*$!
{
	archiveVersion = 1;
	classes = {
	};
	objectVersion = 50;
	objects = {

/* Begin PBXBuildFile section */
		DEADC62623DCE16100BC8F70 /* AssetFetcher.swift in Sources */ = {isa = PBXBuildFile; fileRef = DEADC62523DCE16100BC8F70 /* AssetFetcher.swift */; };
		DEADC62823DDE66300BC8F70 /* FileFetcherStream.swift in Sources */ = {isa = PBXBuildFile; fileRef = DEADC62723DDE66300BC8F70 /* FileFetcherStream.swift */; };
		DEADC63323DDF30800BC8F70 /* err_image.jpg in Resources */ = {isa = PBXBuildFile; fileRef = DEADC62A23DDF30800BC8F70 /* err_image.jpg */; };
		DEADC63423DDF30800BC8F70 /* Lake.jpg in Resources */ = {isa = PBXBuildFile; fileRef = DEADC62B23DDF30800BC8F70 /* Lake.jpg */; };
		DEADC63523DDF30800BC8F70 /* Shed.jpg in Resources */ = {isa = PBXBuildFile; fileRef = DEADC62C23DDF30800BC8F70 /* Shed.jpg */; };
		DEADC63623DDF30800BC8F70 /* Space5.jpg in Resources */ = {isa = PBXBuildFile; fileRef = DEADC62D23DDF30800BC8F70 /* Space5.jpg */; };
		DEADC63723DDF30800BC8F70 /* Coffee.jpg in Resources */ = {isa = PBXBuildFile; fileRef = DEADC62E23DDF30800BC8F70 /* Coffee.jpg */; };
		DEADC63823DDF30800BC8F70 /* Tree.jpg in Resources */ = {isa = PBXBuildFile; fileRef = DEADC62F23DDF30800BC8F70 /* Tree.jpg */; };
		DEADC63923DDF30800BC8F70 /* large_leaves_70mp.jpg in Resources */ = {isa = PBXBuildFile; fileRef = DEADC63023DDF30800BC8F70 /* large_leaves_70mp.jpg */; };
		DEADC63A23DDF30800BC8F70 /* Space4.jpg in Resources */ = {isa = PBXBuildFile; fileRef = DEADC63123DDF30800BC8F70 /* Space4.jpg */; };
		DEADC63B23DDF30800BC8F70 /* Space6.jpg in Resources */ = {isa = PBXBuildFile; fileRef = DEADC63223DDF30800BC8F70 /* Space6.jpg */; };
		DEADC63D23DF905300BC8F70 /* WebFetcherStream.swift in Sources */ = {isa = PBXBuildFile; fileRef = DEADC63C23DF905300BC8F70 /* WebFetcherStream.swift */; };
		DEADC67323E47C2700BC8F70 /* FileBased.swift in Sources */ = {isa = PBXBuildFile; fileRef = DEADC67223E47C2700BC8F70 /* FileBased.swift */; };
		DEADC67E23E47EB100BC8F70 /* Coffee.jpg in Resources */ = {isa = PBXBuildFile; fileRef = DEADC62E23DDF30800BC8F70 /* Coffee.jpg */; };
		DEADC67F23E47EB100BC8F70 /* err_image.jpg in Resources */ = {isa = PBXBuildFile; fileRef = DEADC62A23DDF30800BC8F70 /* err_image.jpg */; };
		DEADC68023E47EB100BC8F70 /* Lake.jpg in Resources */ = {isa = PBXBuildFile; fileRef = DEADC62B23DDF30800BC8F70 /* Lake.jpg */; };
		DEADC68123E47EB100BC8F70 /* large_leaves_70mp.jpg in Resources */ = {isa = PBXBuildFile; fileRef = DEADC63023DDF30800BC8F70 /* large_leaves_70mp.jpg */; };
		DEADC68223E47EB100BC8F70 /* Shed.jpg in Resources */ = {isa = PBXBuildFile; fileRef = DEADC62C23DDF30800BC8F70 /* Shed.jpg */; };
		DEADC68323E47EB100BC8F70 /* Space4.jpg in Resources */ = {isa = PBXBuildFile; fileRef = DEADC63123DDF30800BC8F70 /* Space4.jpg */; };
		DEADC68423E47EB100BC8F70 /* Space5.jpg in Resources */ = {isa = PBXBuildFile; fileRef = DEADC62D23DDF30800BC8F70 /* Space5.jpg */; };
		DEADC68523E47EB100BC8F70 /* Space6.jpg in Resources */ = {isa = PBXBuildFile; fileRef = DEADC63223DDF30800BC8F70 /* Space6.jpg */; };
		DEADC68623E47EB100BC8F70 /* Tree.jpg in Resources */ = {isa = PBXBuildFile; fileRef = DEADC62F23DDF30800BC8F70 /* Tree.jpg */; };
		DEADC68723E47EBA00BC8F70 /* AssetFetcher.swift in Sources */ = {isa = PBXBuildFile; fileRef = DEADC62523DCE16100BC8F70 /* AssetFetcher.swift */; };
		DEADC68823E47EBA00BC8F70 /* FileFetcherStream.swift in Sources */ = {isa = PBXBuildFile; fileRef = DEADC62723DDE66300BC8F70 /* FileFetcherStream.swift */; };
		DEADC68923E47EBA00BC8F70 /* WebFetcherStream.swift in Sources */ = {isa = PBXBuildFile; fileRef = DEADC63C23DF905300BC8F70 /* WebFetcherStream.swift */; };
		DEC3163323D7A562008E17E7 /* AppDelegate.swift in Sources */ = {isa = PBXBuildFile; fileRef = DEC3163223D7A562008E17E7 /* AppDelegate.swift */; };
		DEC3163523D7A562008E17E7 /* SceneDelegate.swift in Sources */ = {isa = PBXBuildFile; fileRef = DEC3163423D7A562008E17E7 /* SceneDelegate.swift */; };
		DEC3163723D7A562008E17E7 /* ContentView.swift in Sources */ = {isa = PBXBuildFile; fileRef = DEC3163623D7A562008E17E7 /* ContentView.swift */; };
		DEC3163923D7A564008E17E7 /* Assets.xcassets in Resources */ = {isa = PBXBuildFile; fileRef = DEC3163823D7A564008E17E7 /* Assets.xcassets */; };
		DEC3163C23D7A564008E17E7 /* Preview Assets.xcassets in Resources */ = {isa = PBXBuildFile; fileRef = DEC3163B23D7A564008E17E7 /* Preview Assets.xcassets */; };
		DEC3163F23D7A564008E17E7 /* LaunchScreen.storyboard in Resources */ = {isa = PBXBuildFile; fileRef = DEC3163D23D7A564008E17E7 /* LaunchScreen.storyboard */; };
		DEC3164723D7A607008E17E7 /* Environment.swift in Sources */ = {isa = PBXBuildFile; fileRef = DEC3164623D7A607008E17E7 /* Environment.swift */; };
		DEC3164C23D7A6B9008E17E7 /* MasterView.swift in Sources */ = {isa = PBXBuildFile; fileRef = DEC3164B23D7A6B9008E17E7 /* MasterView.swift */; };
		DEC3164E23D7A6CA008E17E7 /* DetailView.swift in Sources */ = {isa = PBXBuildFile; fileRef = DEC3164D23D7A6CA008E17E7 /* DetailView.swift */; };
/* End PBXBuildFile section */

/* Begin PBXContainerItemProxy section */
		DEADC67523E47C2700BC8F70 /* PBXContainerItemProxy */ = {
			isa = PBXContainerItemProxy;
			containerPortal = DEC3162723D7A562008E17E7 /* Project object */;
			proxyType = 1;
			remoteGlobalIDString = DEC3162E23D7A562008E17E7;
			remoteInfo = PhotoScrollerNetworkTest;
		};
/* End PBXContainerItemProxy section */

/* Begin PBXFileReference section */
		DEADC62523DCE16100BC8F70 /* AssetFetcher.swift */ = {isa = PBXFileReference; lastKnownFileType = sourcecode.swift; path = AssetFetcher.swift; sourceTree = "<group>"; };
		DEADC62723DDE66300BC8F70 /* FileFetcherStream.swift */ = {isa = PBXFileReference; lastKnownFileType = sourcecode.swift; path = FileFetcherStream.swift; sourceTree = "<group>"; };
		DEADC62A23DDF30800BC8F70 /* err_image.jpg */ = {isa = PBXFileReference; lastKnownFileType = image.jpeg; name = err_image.jpg; path = Images/err_image.jpg; sourceTree = SOURCE_ROOT; };
		DEADC62B23DDF30800BC8F70 /* Lake.jpg */ = {isa = PBXFileReference; lastKnownFileType = image.jpeg; name = Lake.jpg; path = Images/Lake.jpg; sourceTree = SOURCE_ROOT; };
		DEADC62C23DDF30800BC8F70 /* Shed.jpg */ = {isa = PBXFileReference; lastKnownFileType = image.jpeg; name = Shed.jpg; path = Images/Shed.jpg; sourceTree = SOURCE_ROOT; };
		DEADC62D23DDF30800BC8F70 /* Space5.jpg */ = {isa = PBXFileReference; lastKnownFileType = image.jpeg; name = Space5.jpg; path = Images/Space5.jpg; sourceTree = SOURCE_ROOT; };
		DEADC62E23DDF30800BC8F70 /* Coffee.jpg */ = {isa = PBXFileReference; lastKnownFileType = image.jpeg; name = Coffee.jpg; path = Images/Coffee.jpg; sourceTree = SOURCE_ROOT; };
		DEADC62F23DDF30800BC8F70 /* Tree.jpg */ = {isa = PBXFileReference; lastKnownFileType = image.jpeg; name = Tree.jpg; path = Images/Tree.jpg; sourceTree = SOURCE_ROOT; };
		DEADC63023DDF30800BC8F70 /* large_leaves_70mp.jpg */ = {isa = PBXFileReference; lastKnownFileType = image.jpeg; name = large_leaves_70mp.jpg; path = Images/large_leaves_70mp.jpg; sourceTree = SOURCE_ROOT; };
		DEADC63123DDF30800BC8F70 /* Space4.jpg */ = {isa = PBXFileReference; lastKnownFileType = image.jpeg; name = Space4.jpg; path = Images/Space4.jpg; sourceTree = SOURCE_ROOT; };
		DEADC63223DDF30800BC8F70 /* Space6.jpg */ = {isa = PBXFileReference; lastKnownFileType = image.jpeg; name = Space6.jpg; path = Images/Space6.jpg; sourceTree = SOURCE_ROOT; };
		DEADC63C23DF905300BC8F70 /* WebFetcherStream.swift */ = {isa = PBXFileReference; lastKnownFileType = sourcecode.swift; path = WebFetcherStream.swift; sourceTree = "<group>"; };
		DEADC67023E47C2700BC8F70 /* PhotoScrollerNetworkTestTests.xctest */ = {isa = PBXFileReference; explicitFileType = wrapper.cfbundle; includeInIndex = 0; path = PhotoScrollerNetworkTestTests.xctest; sourceTree = BUILT_PRODUCTS_DIR; };
		DEADC67223E47C2700BC8F70 /* FileBased.swift */ = {isa = PBXFileReference; lastKnownFileType = sourcecode.swift; path = FileBased.swift; sourceTree = "<group>"; };
		DEADC67423E47C2700BC8F70 /* Info.plist */ = {isa = PBXFileReference; lastKnownFileType = text.plist.xml; path = Info.plist; sourceTree = "<group>"; };
		DEC3162F23D7A562008E17E7 /* PhotoScrollerNetworkTest.app */ = {isa = PBXFileReference; explicitFileType = wrapper.application; includeInIndex = 0; path = PhotoScrollerNetworkTest.app; sourceTree = BUILT_PRODUCTS_DIR; };
		DEC3163223D7A562008E17E7 /* AppDelegate.swift */ = {isa = PBXFileReference; lastKnownFileType = sourcecode.swift; path = AppDelegate.swift; sourceTree = "<group>"; };
		DEC3163423D7A562008E17E7 /* SceneDelegate.swift */ = {isa = PBXFileReference; lastKnownFileType = sourcecode.swift; path = SceneDelegate.swift; sourceTree = "<group>"; };
		DEC3163623D7A562008E17E7 /* ContentView.swift */ = {isa = PBXFileReference; lastKnownFileType = sourcecode.swift; path = ContentView.swift; sourceTree = "<group>"; };
		DEC3163823D7A564008E17E7 /* Assets.xcassets */ = {isa = PBXFileReference; lastKnownFileType = folder.assetcatalog; path = Assets.xcassets; sourceTree = "<group>"; };
		DEC3163B23D7A564008E17E7 /* Preview Assets.xcassets */ = {isa = PBXFileReference; lastKnownFileType = folder.assetcatalog; path = "Preview Assets.xcassets"; sourceTree = "<group>"; };
		DEC3163E23D7A564008E17E7 /* Base */ = {isa = PBXFileReference; lastKnownFileType = file.storyboard; name = Base; path = Base.lproj/LaunchScreen.storyboard; sourceTree = "<group>"; };
		DEC3164023D7A564008E17E7 /* Info.plist */ = {isa = PBXFileReference; lastKnownFileType = text.plist.xml; path = Info.plist; sourceTree = "<group>"; };
		DEC3164623D7A607008E17E7 /* Environment.swift */ = {isa = PBXFileReference; lastKnownFileType = sourcecode.swift; path = Environment.swift; sourceTree = "<group>"; };
		DEC3164B23D7A6B9008E17E7 /* MasterView.swift */ = {isa = PBXFileReference; lastKnownFileType = sourcecode.swift; path = MasterView.swift; sourceTree = "<group>"; };
		DEC3164D23D7A6CA008E17E7 /* DetailView.swift */ = {isa = PBXFileReference; lastKnownFileType = sourcecode.swift; path = DetailView.swift; sourceTree = "<group>"; };
/* End PBXFileReference section */

/* Begin PBXFrameworksBuildPhase section */
		DEADC66D23E47C2700BC8F70 /* Frameworks */ = {
			isa = PBXFrameworksBuildPhase;
			buildActionMask = 2147483647;
			files = (
			);
			runOnlyForDeploymentPostprocessing = 0;
		};
		DEC3162C23D7A562008E17E7 /* Frameworks */ = {
			isa = PBXFrameworksBuildPhase;
			buildActionMask = 2147483647;
			files = (
			);
			runOnlyForDeploymentPostprocessing = 0;
		};
/* End PBXFrameworksBuildPhase section */

/* Begin PBXGroup section */
		DEADC62423DCE12400BC8F70 /* Data */ = {
			isa = PBXGroup;
			children = (
				DEADC62523DCE16100BC8F70 /* AssetFetcher.swift */,
				DEADC62723DDE66300BC8F70 /* FileFetcherStream.swift */,
				DEADC63C23DF905300BC8F70 /* WebFetcherStream.swift */,
			);
			name = Data;
			sourceTree = "<group>";
		};
		DEADC62923DDF27A00BC8F70 /* Images */ = {
			isa = PBXGroup;
			children = (
				DEADC62E23DDF30800BC8F70 /* Coffee.jpg */,
				DEADC62A23DDF30800BC8F70 /* err_image.jpg */,
				DEADC62B23DDF30800BC8F70 /* Lake.jpg */,
				DEADC63023DDF30800BC8F70 /* large_leaves_70mp.jpg */,
				DEADC62C23DDF30800BC8F70 /* Shed.jpg */,
				DEADC63123DDF30800BC8F70 /* Space4.jpg */,
				DEADC62D23DDF30800BC8F70 /* Space5.jpg */,
				DEADC63223DDF30800BC8F70 /* Space6.jpg */,
				DEADC62F23DDF30800BC8F70 /* Tree.jpg */,
			);
			name = Images;
			path = PhotoScrollerNetworkTest;
			sourceTree = SOURCE_ROOT;
		};
		DEADC67123E47C2700BC8F70 /* PhotoScrollerNetworkTestTests */ = {
			isa = PBXGroup;
			children = (
				DEADC67223E47C2700BC8F70 /* FileBased.swift */,
				DEADC67423E47C2700BC8F70 /* Info.plist */,
			);
			path = PhotoScrollerNetworkTestTests;
			sourceTree = "<group>";
		};
		DEC3162623D7A562008E17E7 = {
			isa = PBXGroup;
			children = (
				DEC3163123D7A562008E17E7 /* PhotoScrollerNetworkTest */,
				DEADC67123E47C2700BC8F70 /* PhotoScrollerNetworkTestTests */,
				DEC3163023D7A562008E17E7 /* Products */,
			);
			sourceTree = "<group>";
		};
		DEC3163023D7A562008E17E7 /* Products */ = {
			isa = PBXGroup;
			children = (
				DEC3162F23D7A562008E17E7 /* PhotoScrollerNetworkTest.app */,
				DEADC67023E47C2700BC8F70 /* PhotoScrollerNetworkTestTests.xctest */,
			);
			name = Products;
			sourceTree = "<group>";
		};
		DEC3163123D7A562008E17E7 /* PhotoScrollerNetworkTest */ = {
			isa = PBXGroup;
			children = (
				DEADC62923DDF27A00BC8F70 /* Images */,
				DEADC62423DCE12400BC8F70 /* Data */,
				DEC3164823D7A61E008E17E7 /* Master */,
				DEC3164923D7A62A008E17E7 /* Detail */,
				DEC3163423D7A562008E17E7 /* SceneDelegate.swift */,
				DEC3164A23D7A66C008E17E7 /* TopLevel */,
				DEC3164623D7A607008E17E7 /* Environment.swift */,
				DEC3163A23D7A564008E17E7 /* Preview Content */,
				DEC3164023D7A564008E17E7 /* Info.plist */,
			);
			path = PhotoScrollerNetworkTest;
			sourceTree = "<group>";
		};
		DEC3163A23D7A564008E17E7 /* Preview Content */ = {
			isa = PBXGroup;
			children = (
				DEC3163B23D7A564008E17E7 /* Preview Assets.xcassets */,
			);
			path = "Preview Content";
			sourceTree = "<group>";
		};
		DEC3164823D7A61E008E17E7 /* Master */ = {
			isa = PBXGroup;
			children = (
				DEC3164B23D7A6B9008E17E7 /* MasterView.swift */,
			);
			name = Master;
			sourceTree = "<group>";
		};
		DEC3164923D7A62A008E17E7 /* Detail */ = {
			isa = PBXGroup;
			children = (
				DEC3164D23D7A6CA008E17E7 /* DetailView.swift */,
			);
			name = Detail;
			sourceTree = "<group>";
		};
		DEC3164A23D7A66C008E17E7 /* TopLevel */ = {
			isa = PBXGroup;
			children = (
				DEC3163223D7A562008E17E7 /* AppDelegate.swift */,
				DEC3163823D7A564008E17E7 /* Assets.xcassets */,
				DEC3163623D7A562008E17E7 /* ContentView.swift */,
				DEC3163D23D7A564008E17E7 /* LaunchScreen.storyboard */,
			);
			name = TopLevel;
			path = ..;
			sourceTree = "<group>";
		};
/* End PBXGroup section */

/* Begin PBXNativeTarget section */
		DEADC66F23E47C2700BC8F70 /* PhotoScrollerNetworkTestTests */ = {
			isa = PBXNativeTarget;
			buildConfigurationList = DEADC67923E47C2700BC8F70 /* Build configuration list for PBXNativeTarget "PhotoScrollerNetworkTestTests" */;
			buildPhases = (
				DEADC66C23E47C2700BC8F70 /* Sources */,
				DEADC66D23E47C2700BC8F70 /* Frameworks */,
				DEADC66E23E47C2700BC8F70 /* Resources */,
			);
			buildRules = (
			);
			dependencies = (
				DEADC67623E47C2700BC8F70 /* PBXTargetDependency */,
			);
			name = PhotoScrollerNetworkTestTests;
			productName = PhotoScrollerNetworkTestTests;
			productReference = DEADC67023E47C2700BC8F70 /* PhotoScrollerNetworkTestTests.xctest */;
			productType = "com.apple.product-type.bundle.unit-test";
		};
		DEC3162E23D7A562008E17E7 /* PhotoScrollerNetworkTest */ = {
			isa = PBXNativeTarget;
			buildConfigurationList = DEC3164323D7A564008E17E7 /* Build configuration list for PBXNativeTarget "PhotoScrollerNetworkTest" */;
			buildPhases = (
				DEC3162B23D7A562008E17E7 /* Sources */,
				DEC3162C23D7A562008E17E7 /* Frameworks */,
				DEC3162D23D7A562008E17E7 /* Resources */,
			);
			buildRules = (
			);
			dependencies = (
			);
			name = PhotoScrollerNetworkTest;
			productName = PhotoScrollerNetworkTest;
			productReference = DEC3162F23D7A562008E17E7 /* PhotoScrollerNetworkTest.app */;
			productType = "com.apple.product-type.application";
		};
/* End PBXNativeTarget section */

/* Begin PBXProject section */
		DEC3162723D7A562008E17E7 /* Project object */ = {
			isa = PBXProject;
			attributes = {
				LastSwiftUpdateCheck = 1130;
				LastUpgradeCheck = 1130;
				ORGANIZATIONNAME = Self;
				TargetAttributes = {
					DEADC66F23E47C2700BC8F70 = {
						CreatedOnToolsVersion = 11.3.1;
						TestTargetID = DEC3162E23D7A562008E17E7;
					};
					DEC3162E23D7A562008E17E7 = {
						CreatedOnToolsVersion = 11.3.1;
					};
				};
			};
			buildConfigurationList = DEC3162A23D7A562008E17E7 /* Build configuration list for PBXProject "PhotoScrollerNetworkTest" */;
			compatibilityVersion = "Xcode 9.3";
			developmentRegion = en;
			hasScannedForEncodings = 0;
			knownRegions = (
				en,
				Base,
			);
			mainGroup = DEC3162623D7A562008E17E7;
			productRefGroup = DEC3163023D7A562008E17E7 /* Products */;
			projectDirPath = "";
			projectRoot = "";
			targets = (
				DEC3162E23D7A562008E17E7 /* PhotoScrollerNetworkTest */,
				DEADC66F23E47C2700BC8F70 /* PhotoScrollerNetworkTestTests */,
			);
		};
/* End PBXProject section */

/* Begin PBXResourcesBuildPhase section */
		DEADC66E23E47C2700BC8F70 /* Resources */ = {
			isa = PBXResourcesBuildPhase;
			buildActionMask = 2147483647;
			files = (
				DEADC67E23E47EB100BC8F70 /* Coffee.jpg in Resources */,
				DEADC68123E47EB100BC8F70 /* large_leaves_70mp.jpg in Resources */,
				DEADC68623E47EB100BC8F70 /* Tree.jpg in Resources */,
				DEADC68223E47EB100BC8F70 /* Shed.jpg in Resources */,
				DEADC68523E47EB100BC8F70 /* Space6.jpg in Resources */,
				DEADC68323E47EB100BC8F70 /* Space4.jpg in Resources */,
				DEADC67F23E47EB100BC8F70 /* err_image.jpg in Resources */,
				DEADC68423E47EB100BC8F70 /* Space5.jpg in Resources */,
				DEADC68023E47EB100BC8F70 /* Lake.jpg in Resources */,
			);
			runOnlyForDeploymentPostprocessing = 0;
		};
		DEC3162D23D7A562008E17E7 /* Resources */ = {
			isa = PBXResourcesBuildPhase;
			buildActionMask = 2147483647;
			files = (
				DEC3163F23D7A564008E17E7 /* LaunchScreen.storyboard in Resources */,
				DEADC63723DDF30800BC8F70 /* Coffee.jpg in Resources */,
				DEADC63823DDF30800BC8F70 /* Tree.jpg in Resources */,
				DEC3163C23D7A564008E17E7 /* Preview Assets.xcassets in Resources */,
				DEADC63423DDF30800BC8F70 /* Lake.jpg in Resources */,
				DEC3163923D7A564008E17E7 /* Assets.xcassets in Resources */,
				DEADC63A23DDF30800BC8F70 /* Space4.jpg in Resources */,
				DEADC63B23DDF30800BC8F70 /* Space6.jpg in Resources */,
				DEADC63323DDF30800BC8F70 /* err_image.jpg in Resources */,
				DEADC63623DDF30800BC8F70 /* Space5.jpg in Resources */,
				DEADC63523DDF30800BC8F70 /* Shed.jpg in Resources */,
				DEADC63923DDF30800BC8F70 /* large_leaves_70mp.jpg in Resources */,
			);
			runOnlyForDeploymentPostprocessing = 0;
		};
/* End PBXResourcesBuildPhase section */

/* Begin PBXSourcesBuildPhase section */
		DEADC66C23E47C2700BC8F70 /* Sources */ = {
			isa = PBXSourcesBuildPhase;
			buildActionMask = 2147483647;
			files = (
				DEADC68723E47EBA00BC8F70 /* AssetFetcher.swift in Sources */,
				DEADC67323E47C2700BC8F70 /* FileBased.swift in Sources */,
				DEADC68923E47EBA00BC8F70 /* WebFetcherStream.swift in Sources */,
				DEADC68823E47EBA00BC8F70 /* FileFetcherStream.swift in Sources */,
			);
			runOnlyForDeploymentPostprocessing = 0;
		};
		DEC3162B23D7A562008E17E7 /* Sources */ = {
			isa = PBXSourcesBuildPhase;
			buildActionMask = 2147483647;
			files = (
				DEC3164E23D7A6CA008E17E7 /* DetailView.swift in Sources */,
				DEC3163323D7A562008E17E7 /* AppDelegate.swift in Sources */,
				DEC3164723D7A607008E17E7 /* Environment.swift in Sources */,
				DEC3163523D7A562008E17E7 /* SceneDelegate.swift in Sources */,
				DEADC62623DCE16100BC8F70 /* AssetFetcher.swift in Sources */,
				DEC3164C23D7A6B9008E17E7 /* MasterView.swift in Sources */,
				DEC3163723D7A562008E17E7 /* ContentView.swift in Sources */,
				DEADC63D23DF905300BC8F70 /* WebFetcherStream.swift in Sources */,
				DEADC62823DDE66300BC8F70 /* FileFetcherStream.swift in Sources */,
			);
			runOnlyForDeploymentPostprocessing = 0;
		};
/* End PBXSourcesBuildPhase section */

/* Begin PBXTargetDependency section */
		DEADC67623E47C2700BC8F70 /* PBXTargetDependency */ = {
			isa = PBXTargetDependency;
			target = DEC3162E23D7A562008E17E7 /* PhotoScrollerNetworkTest */;
			targetProxy = DEADC67523E47C2700BC8F70 /* PBXContainerItemProxy */;
		};
/* End PBXTargetDependency section */

/* Begin PBXVariantGroup section */
		DEC3163D23D7A564008E17E7 /* LaunchScreen.storyboard */ = {
			isa = PBXVariantGroup;
			children = (
				DEC3163E23D7A564008E17E7 /* Base */,
			);
			name = LaunchScreen.storyboard;
			sourceTree = "<group>";
		};
/* End PBXVariantGroup section */

/* Begin XCBuildConfiguration section */
		DEADC67723E47C2700BC8F70 /* Debug */ = {
			isa = XCBuildConfiguration;
			buildSettings = {
				BUNDLE_LOADER = "$(TEST_HOST)";
				CODE_SIGN_STYLE = Automatic;
				DEVELOPMENT_TEAM = 748Z47NBAH;
				INFOPLIST_FILE = PhotoScrollerNetworkTestTests/Info.plist;
				LD_RUNPATH_SEARCH_PATHS = (
					"$(inherited)",
					"@executable_path/Frameworks",
					"@loader_path/Frameworks",
				);
				OTHER_SWIFT_FLAGS = "-D UNIT_TESTING";
				PRODUCT_BUNDLE_IDENTIFIER = com.dhoerl.PhotoScrollerNetworkTestTests;
				PRODUCT_NAME = "$(TARGET_NAME)";
				SWIFT_VERSION = 5.0;
				TARGETED_DEVICE_FAMILY = "1,2";
				TEST_HOST = "$(BUILT_PRODUCTS_DIR)/PhotoScrollerNetworkTest.app/PhotoScrollerNetworkTest";
			};
			name = Debug;
		};
		DEADC67823E47C2700BC8F70 /* Release */ = {
			isa = XCBuildConfiguration;
			buildSettings = {
				BUNDLE_LOADER = "$(TEST_HOST)";
				CODE_SIGN_STYLE = Automatic;
				DEVELOPMENT_TEAM = 748Z47NBAH;
				INFOPLIST_FILE = PhotoScrollerNetworkTestTests/Info.plist;
				LD_RUNPATH_SEARCH_PATHS = (
					"$(inherited)",
					"@executable_path/Frameworks",
					"@loader_path/Frameworks",
				);
				OTHER_SWIFT_FLAGS = "-D UNIT_TESTING";
				PRODUCT_BUNDLE_IDENTIFIER = com.dhoerl.PhotoScrollerNetworkTestTests;
				PRODUCT_NAME = "$(TARGET_NAME)";
				SWIFT_VERSION = 5.0;
				TARGETED_DEVICE_FAMILY = "1,2";
				TEST_HOST = "$(BUILT_PRODUCTS_DIR)/PhotoScrollerNetworkTest.app/PhotoScrollerNetworkTest";
			};
			name = Release;
		};
		DEC3164123D7A564008E17E7 /* Debug */ = {
			isa = XCBuildConfiguration;
			buildSettings = {
				ALWAYS_SEARCH_USER_PATHS = NO;
				CLANG_ANALYZER_NONNULL = YES;
				CLANG_ANALYZER_NUMBER_OBJECT_CONVERSION = YES_AGGRESSIVE;
				CLANG_CXX_LANGUAGE_STANDARD = "gnu++14";
				CLANG_CXX_LIBRARY = "libc++";
				CLANG_ENABLE_MODULES = YES;
				CLANG_ENABLE_OBJC_ARC = YES;
				CLANG_ENABLE_OBJC_WEAK = YES;
				CLANG_WARN_BLOCK_CAPTURE_AUTORELEASING = YES;
				CLANG_WARN_BOOL_CONVERSION = YES;
				CLANG_WARN_COMMA = YES;
				CLANG_WARN_CONSTANT_CONVERSION = YES;
				CLANG_WARN_DEPRECATED_OBJC_IMPLEMENTATIONS = YES;
				CLANG_WARN_DIRECT_OBJC_ISA_USAGE = YES_ERROR;
				CLANG_WARN_DOCUMENTATION_COMMENTS = YES;
				CLANG_WARN_EMPTY_BODY = YES;
				CLANG_WARN_ENUM_CONVERSION = YES;
				CLANG_WARN_INFINITE_RECURSION = YES;
				CLANG_WARN_INT_CONVERSION = YES;
				CLANG_WARN_NON_LITERAL_NULL_CONVERSION = YES;
				CLANG_WARN_OBJC_IMPLICIT_RETAIN_SELF = YES;
				CLANG_WARN_OBJC_LITERAL_CONVERSION = YES;
				CLANG_WARN_OBJC_ROOT_CLASS = YES_ERROR;
				CLANG_WARN_RANGE_LOOP_ANALYSIS = YES;
				CLANG_WARN_STRICT_PROTOTYPES = YES;
				CLANG_WARN_SUSPICIOUS_MOVE = YES;
				CLANG_WARN_UNGUARDED_AVAILABILITY = YES_AGGRESSIVE;
				CLANG_WARN_UNREACHABLE_CODE = YES;
				CLANG_WARN__DUPLICATE_METHOD_MATCH = YES;
				COPY_PHASE_STRIP = NO;
				DEBUG_INFORMATION_FORMAT = dwarf;
				ENABLE_STRICT_OBJC_MSGSEND = YES;
				ENABLE_TESTABILITY = YES;
				GCC_C_LANGUAGE_STANDARD = gnu11;
				GCC_DYNAMIC_NO_PIC = NO;
				GCC_NO_COMMON_BLOCKS = YES;
				GCC_OPTIMIZATION_LEVEL = 0;
				GCC_PREPROCESSOR_DEFINITIONS = (
					"DEBUG=1",
					"$(inherited)",
				);
				GCC_WARN_64_TO_32_BIT_CONVERSION = YES;
				GCC_WARN_ABOUT_RETURN_TYPE = YES_ERROR;
				GCC_WARN_UNDECLARED_SELECTOR = YES;
				GCC_WARN_UNINITIALIZED_AUTOS = YES_AGGRESSIVE;
				GCC_WARN_UNUSED_FUNCTION = YES;
				GCC_WARN_UNUSED_VARIABLE = YES;
				IPHONEOS_DEPLOYMENT_TARGET = 13.2;
				MTL_ENABLE_DEBUG_INFO = INCLUDE_SOURCE;
				MTL_FAST_MATH = YES;
				ONLY_ACTIVE_ARCH = YES;
				SDKROOT = iphoneos;
				SWIFT_ACTIVE_COMPILATION_CONDITIONS = DEBUG;
				SWIFT_OPTIMIZATION_LEVEL = "-Onone";
			};
			name = Debug;
		};
		DEC3164223D7A564008E17E7 /* Release */ = {
			isa = XCBuildConfiguration;
			buildSettings = {
				ALWAYS_SEARCH_USER_PATHS = NO;
				CLANG_ANALYZER_NONNULL = YES;
				CLANG_ANALYZER_NUMBER_OBJECT_CONVERSION = YES_AGGRESSIVE;
				CLANG_CXX_LANGUAGE_STANDARD = "gnu++14";
				CLANG_CXX_LIBRARY = "libc++";
				CLANG_ENABLE_MODULES = YES;
				CLANG_ENABLE_OBJC_ARC = YES;
				CLANG_ENABLE_OBJC_WEAK = YES;
				CLANG_WARN_BLOCK_CAPTURE_AUTORELEASING = YES;
				CLANG_WARN_BOOL_CONVERSION = YES;
				CLANG_WARN_COMMA = YES;
				CLANG_WARN_CONSTANT_CONVERSION = YES;
				CLANG_WARN_DEPRECATED_OBJC_IMPLEMENTATIONS = YES;
				CLANG_WARN_DIRECT_OBJC_ISA_USAGE = YES_ERROR;
				CLANG_WARN_DOCUMENTATION_COMMENTS = YES;
				CLANG_WARN_EMPTY_BODY = YES;
				CLANG_WARN_ENUM_CONVERSION = YES;
				CLANG_WARN_INFINITE_RECURSION = YES;
				CLANG_WARN_INT_CONVERSION = YES;
				CLANG_WARN_NON_LITERAL_NULL_CONVERSION = YES;
				CLANG_WARN_OBJC_IMPLICIT_RETAIN_SELF = YES;
				CLANG_WARN_OBJC_LITERAL_CONVERSION = YES;
				CLANG_WARN_OBJC_ROOT_CLASS = YES_ERROR;
				CLANG_WARN_RANGE_LOOP_ANALYSIS = YES;
				CLANG_WARN_STRICT_PROTOTYPES = YES;
				CLANG_WARN_SUSPICIOUS_MOVE = YES;
				CLANG_WARN_UNGUARDED_AVAILABILITY = YES_AGGRESSIVE;
				CLANG_WARN_UNREACHABLE_CODE = YES;
				CLANG_WARN__DUPLICATE_METHOD_MATCH = YES;
				COPY_PHASE_STRIP = NO;
				DEBUG_INFORMATION_FORMAT = "dwarf-with-dsym";
				ENABLE_NS_ASSERTIONS = NO;
				ENABLE_STRICT_OBJC_MSGSEND = YES;
				GCC_C_LANGUAGE_STANDARD = gnu11;
				GCC_NO_COMMON_BLOCKS = YES;
				GCC_WARN_64_TO_32_BIT_CONVERSION = YES;
				GCC_WARN_ABOUT_RETURN_TYPE = YES_ERROR;
				GCC_WARN_UNDECLARED_SELECTOR = YES;
				GCC_WARN_UNINITIALIZED_AUTOS = YES_AGGRESSIVE;
				GCC_WARN_UNUSED_FUNCTION = YES;
				GCC_WARN_UNUSED_VARIABLE = YES;
				IPHONEOS_DEPLOYMENT_TARGET = 13.2;
				MTL_ENABLE_DEBUG_INFO = NO;
				MTL_FAST_MATH = YES;
				SDKROOT = iphoneos;
				SWIFT_COMPILATION_MODE = wholemodule;
				SWIFT_OPTIMIZATION_LEVEL = "-O";
				VALIDATE_PRODUCT = YES;
			};
			name = Release;
		};
		DEC3164423D7A564008E17E7 /* Debug */ = {
			isa = XCBuildConfiguration;
			buildSettings = {
				ASSETCATALOG_COMPILER_APPICON_NAME = AppIcon;
				CODE_SIGN_STYLE = Automatic;
				DEVELOPMENT_ASSET_PATHS = "\"PhotoScrollerNetworkTest/Preview Content\"";
				DEVELOPMENT_TEAM = 748Z47NBAH;
				ENABLE_PREVIEWS = YES;
				INFOPLIST_FILE = PhotoScrollerNetworkTest/Info.plist;
				LD_RUNPATH_SEARCH_PATHS = (
					"$(inherited)",
					"@executable_path/Frameworks",
				);
				PRODUCT_BUNDLE_IDENTIFIER = com.dhoerl.PhotoScrollerNetworkTest;
				PRODUCT_NAME = "$(TARGET_NAME)";
				SWIFT_VERSION = 5.0;
				TARGETED_DEVICE_FAMILY = "1,2";
			};
			name = Debug;
		};
		DEC3164523D7A564008E17E7 /* Release */ = {
			isa = XCBuildConfiguration;
			buildSettings = {
				ASSETCATALOG_COMPILER_APPICON_NAME = AppIcon;
				CODE_SIGN_STYLE = Automatic;
				DEVELOPMENT_ASSET_PATHS = "\"PhotoScrollerNetworkTest/Preview Content\"";
				DEVELOPMENT_TEAM = 748Z47NBAH;
				ENABLE_PREVIEWS = YES;
				INFOPLIST_FILE = PhotoScrollerNetworkTest/Info.plist;
				LD_RUNPATH_SEARCH_PATHS = (
					"$(inherited)",
					"@executable_path/Frameworks",
				);
				PRODUCT_BUNDLE_IDENTIFIER = com.dhoerl.PhotoScrollerNetworkTest;
				PRODUCT_NAME = "$(TARGET_NAME)";
				SWIFT_VERSION = 5.0;
				TARGETED_DEVICE_FAMILY = "1,2";
			};
			name = Release;
		};
/* End XCBuildConfiguration section */

/* Begin XCConfigurationList section */
		DEADC67923E47C2700BC8F70 /* Build configuration list for PBXNativeTarget "PhotoScrollerNetworkTestTests" */ = {
			isa = XCConfigurationList;
			buildConfigurations = (
				DEADC67723E47C2700BC8F70 /* Debug */,
				DEADC67823E47C2700BC8F70 /* Release */,
			);
			defaultConfigurationIsVisible = 0;
			defaultConfigurationName = Release;
		};
		DEC3162A23D7A562008E17E7 /* Build configuration list for PBXProject "PhotoScrollerNetworkTest" */ = {
			isa = XCConfigurationList;
			buildConfigurations = (
				DEC3164123D7A564008E17E7 /* Debug */,
				DEC3164223D7A564008E17E7 /* Release */,
			);
			defaultConfigurationIsVisible = 0;
			defaultConfigurationName = Release;
		};
		DEC3164323D7A564008E17E7 /* Build configuration list for PBXNativeTarget "PhotoScrollerNetworkTest" */ = {
			isa = XCConfigurationList;
			buildConfigurations = (
				DEC3164423D7A564008E17E7 /* Debug */,
				DEC3164523D7A564008E17E7 /* Release */,
			);
			defaultConfigurationIsVisible = 0;
			defaultConfigurationName = Release;
		};
/* End XCConfigurationList section */
	};
	rootObject = DEC3162723D7A562008E17E7 /* Project object */;
}
